
Microsoft Visual Studio Solution File, Format Version 12.00
# Visual Studio Version 16
VisualStudioVersion = 16.0.31410.357
MinimumVisualStudioVersion = 10.0.40219.1
Project("{FAE04EC0-301F-11D3-BF4B-00C04F79EFBC}") = "StockQuoteAlert", "StockQuoteAlert\StockQuoteAlert.csproj", "{7379F40B-EDF5-4737-ACB4-99C4EC409E1D}"
EndProject
Global
	GlobalSection(SolutionConfigurationPlatforms) = preSolution
		Debug|Any CPU = Debug|Any CPU
		Release|Any CPU = Release|Any CPU
	EndGlobalSection
	GlobalSection(ProjectConfigurationPlatforms) = postSolution
		{7379F40B-EDF5-4737-ACB4-99C4EC409E1D}.Debug|Any CPU.ActiveCfg = Debug|Any CPU
		{7379F40B-EDF5-4737-ACB4-99C4EC409E1D}.Debug|Any CPU.Build.0 = Debug|Any CPU
		{7379F40B-EDF5-4737-ACB4-99C4EC409E1D}.Release|Any CPU.ActiveCfg = Release|Any CPU
		{7379F40B-EDF5-4737-ACB4-99C4EC409E1D}.Release|Any CPU.Build.0 = Release|Any CPU
	EndGlobalSection
	GlobalSection(SolutionProperties) = preSolution
		HideSolutionNode = FALSE
	EndGlobalSection
	GlobalSection(ExtensibilityGlobals) = postSolution
		SolutionGuid = {59F264E2-3F8C-44BE-B74A-91831D35DBCF}
	EndGlobalSection
EndGlobal
